
Microsoft Visual Studio Solution File, Format Version 12.00
# Visual Studio Version 17
VisualStudioVersion = 17.9.34622.214
MinimumVisualStudioVersion = 10.0.40219.1
Project("{FAE04EC0-301F-11D3-BF4B-00C04F79EFBC}") = "net_demo1_server", "net_demo1_server.csproj", "{2685C101-3FC3-4483-AC65-7501DB289699}"
EndProject
Global
	GlobalSection(SolutionConfigurationPlatforms) = preSolution
		Debug|Any CPU = Debug|Any CPU
		Release|Any CPU = Release|Any CPU
	EndGlobalSection
	GlobalSection(ProjectConfigurationPlatforms) = postSolution
		{2685C101-3FC3-4483-AC65-7501DB289699}.Debug|Any CPU.ActiveCfg = Debug|Any CPU
		{2685C101-3FC3-4483-AC65-7501DB289699}.Debug|Any CPU.Build.0 = Debug|Any CPU
		{2685C101-3FC3-4483-AC65-7501DB289699}.Release|Any CPU.ActiveCfg = Release|Any CPU
		{2685C101-3FC3-4483-AC65-7501DB289699}.Release|Any CPU.Build.0 = Release|Any CPU
	EndGlobalSection
	GlobalSection(SolutionProperties) = preSolution
		HideSolutionNode = FALSE
	EndGlobalSection
	GlobalSection(ExtensibilityGlobals) = postSolution
		SolutionGuid = {8D76EFFB-78B1-4C5F-B19C-52C76AEC6E5F}
	EndGlobalSection
EndGlobal
